
Microsoft Visual Studio Solution File, Format Version 12.00
# Visual Studio Version 17
VisualStudioVersion = 17.14.36203.30
MinimumVisualStudioVersion = 10.0.40219.1
Project("{FAE04EC0-301F-11D3-BF4B-00C04F79EFBC}") = "Client", "Client.csproj", "{D043017F-35F3-419B-89C2-1E19E3CFC087}"
EndProject
Project("{FAE04EC0-301F-11D3-BF4B-00C04F79EFBC}") = "Protocol", "..\Protocol\Protocol.csproj", "{CAA0A597-9AE9-F52F-A9D1-1172EEFC57F5}"
EndProject
Global
	GlobalSection(SolutionConfigurationPlatforms) = preSolution
		Debug|Any CPU = Debug|Any CPU
		Release|Any CPU = Release|Any CPU
	EndGlobalSection
	GlobalSection(ProjectConfigurationPlatforms) = postSolution
		{D043017F-35F3-419B-89C2-1E19E3CFC087}.Debug|Any CPU.ActiveCfg = Debug|Any CPU
		{D043017F-35F3-419B-89C2-1E19E3CFC087}.Debug|Any CPU.Build.0 = Debug|Any CPU
		{D043017F-35F3-419B-89C2-1E19E3CFC087}.Release|Any CPU.ActiveCfg = Release|Any CPU
		{D043017F-35F3-419B-89C2-1E19E3CFC087}.Release|Any CPU.Build.0 = Release|Any CPU
		{CAA0A597-9AE9-F52F-A9D1-1172EEFC57F5}.Debug|Any CPU.ActiveCfg = Debug|Any CPU
		{CAA0A597-9AE9-F52F-A9D1-1172EEFC57F5}.Debug|Any CPU.Build.0 = Debug|Any CPU
		{CAA0A597-9AE9-F52F-A9D1-1172EEFC57F5}.Release|Any CPU.ActiveCfg = Release|Any CPU
		{CAA0A597-9AE9-F52F-A9D1-1172EEFC57F5}.Release|Any CPU.Build.0 = Release|Any CPU
	EndGlobalSection
	GlobalSection(SolutionProperties) = preSolution
		HideSolutionNode = FALSE
	EndGlobalSection
	GlobalSection(ExtensibilityGlobals) = postSolution
		SolutionGuid = {FF571681-08D4-480F-81EB-6C84E36627CA}
	EndGlobalSection
EndGlobal
